// !$*UTF8*$!
{
	archiveVersion = 1;
	classes = {
	};
	objectVersion = 60;
	objects = {

/* Begin PBXBuildFile section */
		0044F3F871445E86ACED376A /* LibraryView.swift in Sources */ = {isa = PBXBuildFile; fileRef = 5E076B6CDBB87B9629D00A80 /* LibraryView.swift */; };
		04653D63A980A2C48D2001F2 /* ProjectManager.swift in Sources */ = {isa = PBXBuildFile; fileRef = DD4A44197F57D3C5C71F326F /* ProjectManager.swift */; };
		0CBDB271963C02E6873C0E73 /* TranscriptionProject.swift in Sources */ = {isa = PBXBuildFile; fileRef = 88AC9D423FF206569E47D28C /* TranscriptionProject.swift */; };
		1F04DCB09766169C4FFB4575 /* LyricLine.swift in Sources */ = {isa = PBXBuildFile; fileRef = 5C95B9DFA0E9EB35A106272A /* LyricLine.swift */; };
		3306E0C7E236CC2C23480EC1 /* AudioImportManager.swift in Sources */ = {isa = PBXBuildFile; fileRef = DF6D0E7AB020FC4152C03879 /* AudioImportManager.swift */; };
		37A396D64708778F44BCE005 /* LyricRowView.swift in Sources */ = {isa = PBXBuildFile; fileRef = 62F4117470AD381A8B4EE3D7 /* LyricRowView.swift */; };
		3D8CE7E1492C086B9C4CD48F /* LyricsEditorView.swift in Sources */ = {isa = PBXBuildFile; fileRef = 6A2ABA3BDD12BAB7586FAD4D /* LyricsEditorView.swift */; };
		49322812BF25A89CEA02B43D /* Assets.xcassets in Resources */ = {isa = PBXBuildFile; fileRef = B1376C59CFC310B39A93F99C /* Assets.xcassets */; };
		4F52F5924A6D7AB34B0F7B5A /* LyricsSyncManager.swift in Sources */ = {isa = PBXBuildFile; fileRef = CF6C4E38975E225D226CC551 /* LyricsSyncManager.swift */; };
		5ECCA5BD910D10966FC06FD8 /* WaveformView.swift in Sources */ = {isa = PBXBuildFile; fileRef = 841024BF663F2EFE0801C8EB /* WaveformView.swift */; };
		63C324DAE91222CD5AA0188A /* LyricsParser.swift in Sources */ = {isa = PBXBuildFile; fileRef = 007498E8746D4C7773ACDB89 /* LyricsParser.swift */; };
		8B350B908E8FD3CB3D0D0079 /* TranscribeView.swift in Sources */ = {isa = PBXBuildFile; fileRef = 976DE7ACAB71BA168A910EB9 /* TranscribeView.swift */; };
		94AB7F2771491B49E91990D1 /* MainTabView.swift in Sources */ = {isa = PBXBuildFile; fileRef = 8F9E0260F17EA272225D5C9A /* MainTabView.swift */; };
		9AD90CEB831549C6E7201DBA /* ExportManager.swift in Sources */ = {isa = PBXBuildFile; fileRef = 0AFF575D84607F017FCA993D /* ExportManager.swift */; };
		AB5FE44F1E311CEF855266CC /* NowPlayingView.swift in Sources */ = {isa = PBXBuildFile; fileRef = 46EDB5AEE662F9B7B6F3D4B7 /* NowPlayingView.swift */; };
		B73BB590A1260BE6BA668772 /* SettingsView.swift in Sources */ = {isa = PBXBuildFile; fileRef = 61F5800D2AD392DC10CE46B3 /* SettingsView.swift */; };
		B9294C2104F27DAECBC8720F /* StorageManager.swift in Sources */ = {isa = PBXBuildFile; fileRef = F3926B8EE75B7D1BB24A6E2C /* StorageManager.swift */; };
		CD83A125905333220435EF6E /* LyricFinderApp.swift in Sources */ = {isa = PBXBuildFile; fileRef = C30AB213B7D75419550A5BF7 /* LyricFinderApp.swift */; };
		D1C244037E2F9AFA993F3738 /* WhisperModelType.swift in Sources */ = {isa = PBXBuildFile; fileRef = 715D5F055B2280DEB47C9585 /* WhisperModelType.swift */; };
		E0A8F872305A43F100C3079E /* WhisperKit in Frameworks */ = {isa = PBXBuildFile; productRef = E0A8F871305A43F100C3079E /* WhisperKit */; };
		E5B344046D0208D9B50A4C56 /* AudioPlayerManager.swift in Sources */ = {isa = PBXBuildFile; fileRef = B8D52167FA1F0B5CFDC37FFE /* AudioPlayerManager.swift */; };
		E8DB792202C41C70D95D280F /* Extensions.swift in Sources */ = {isa = PBXBuildFile; fileRef = 3378880D4F9D3E5822B44AC6 /* Extensions.swift */; };
		F3E35A0971B7C444B8CEE087 /* WhisperTranscriptionManager.swift in Sources */ = {isa = PBXBuildFile; fileRef = 05B9E35DA2F9774C00BF14B8 /* WhisperTranscriptionManager.swift */; };
		F4FCF952FE1CA1A526F30A73 /* VocalSeparationManager.swift in Sources */ = {isa = PBXBuildFile; fileRef = A09091DD0648EEB058677FA2 /* VocalSeparationManager.swift */; };
/* End PBXBuildFile section */

/* Begin PBXFileReference section */
		007498E8746D4C7773ACDB89 /* LyricsParser.swift */ = {isa = PBXFileReference; lastKnownFileType = sourcecode.swift; name = LyricsParser.swift; path = LyricFinder/Parsing/LyricsParser.swift; sourceTree = SOURCE_ROOT; };
		05B9E35DA2F9774C00BF14B8 /* WhisperTranscriptionManager.swift */ = {isa = PBXFileReference; lastKnownFileType = sourcecode.swift; name = WhisperTranscriptionManager.swift; path = LyricFinder/Managers/WhisperTranscriptionManager.swift; sourceTree = SOURCE_ROOT; };
		0AFF575D84607F017FCA993D /* ExportManager.swift */ = {isa = PBXFileReference; lastKnownFileType = sourcecode.swift; name = ExportManager.swift; path = LyricFinder/Managers/ExportManager.swift; sourceTree = SOURCE_ROOT; };
		3378880D4F9D3E5822B44AC6 /* Extensions.swift */ = {isa = PBXFileReference; lastKnownFileType = sourcecode.swift; name = Extensions.swift; path = LyricFinder/Utilities/Extensions.swift; sourceTree = SOURCE_ROOT; };
		46EDB5AEE662F9B7B6F3D4B7 /* NowPlayingView.swift */ = {isa = PBXFileReference; lastKnownFileType = sourcecode.swift; name = NowPlayingView.swift; path = LyricFinder/Views/NowPlayingView.swift; sourceTree = SOURCE_ROOT; };
		5C95B9DFA0E9EB35A106272A /* LyricLine.swift */ = {isa = PBXFileReference; lastKnownFileType = sourcecode.swift; name = LyricLine.swift; path = LyricFinder/Models/LyricLine.swift; sourceTree = SOURCE_ROOT; };
		5E076B6CDBB87B9629D00A80 /* LibraryView.swift */ = {isa = PBXFileReference; lastKnownFileType = sourcecode.swift; name = LibraryView.swift; path = LyricFinder/Views/LibraryView.swift; sourceTree = SOURCE_ROOT; };
		61F5800D2AD392DC10CE46B3 /* SettingsView.swift */ = {isa = PBXFileReference; lastKnownFileType = sourcecode.swift; name = SettingsView.swift; path = LyricFinder/Views/SettingsView.swift; sourceTree = SOURCE_ROOT; };
		62F4117470AD381A8B4EE3D7 /* LyricRowView.swift */ = {isa = PBXFileReference; lastKnownFileType = sourcecode.swift; name = LyricRowView.swift; path = LyricFinder/Views/Components/LyricRowView.swift; sourceTree = SOURCE_ROOT; };
		6A2ABA3BDD12BAB7586FAD4D /* LyricsEditorView.swift */ = {isa = PBXFileReference; lastKnownFileType = sourcecode.swift; name = LyricsEditorView.swift; path = LyricFinder/Views/LyricsEditorView.swift; sourceTree = SOURCE_ROOT; };
		715D5F055B2280DEB47C9585 /* WhisperModelType.swift */ = {isa = PBXFileReference; lastKnownFileType = sourcecode.swift; name = WhisperModelType.swift; path = LyricFinder/Models/WhisperModelType.swift; sourceTree = SOURCE_ROOT; };
		841024BF663F2EFE0801C8EB /* WaveformView.swift */ = {isa = PBXFileReference; lastKnownFileType = sourcecode.swift; name = WaveformView.swift; path = LyricFinder/Views/Components/WaveformView.swift; sourceTree = SOURCE_ROOT; };
		88AC9D423FF206569E47D28C /* TranscriptionProject.swift */ = {isa = PBXFileReference; lastKnownFileType = sourcecode.swift; name = TranscriptionProject.swift; path = LyricFinder/Models/TranscriptionProject.swift; sourceTree = SOURCE_ROOT; };
		8F9E0260F17EA272225D5C9A /* MainTabView.swift */ = {isa = PBXFileReference; lastKnownFileType = sourcecode.swift; name = MainTabView.swift; path = LyricFinder/Views/MainTabView.swift; sourceTree = SOURCE_ROOT; };
		976DE7ACAB71BA168A910EB9 /* TranscribeView.swift */ = {isa = PBXFileReference; lastKnownFileType = sourcecode.swift; name = TranscribeView.swift; path = LyricFinder/Views/TranscribeView.swift; sourceTree = SOURCE_ROOT; };
		A09091DD0648EEB058677FA2 /* VocalSeparationManager.swift */ = {isa = PBXFileReference; lastKnownFileType = sourcecode.swift; name = VocalSeparationManager.swift; path = LyricFinder/Managers/VocalSeparationManager.swift; sourceTree = SOURCE_ROOT; };
		B1376C59CFC310B39A93F99C /* Assets.xcassets */ = {isa = PBXFileReference; lastKnownFileType = folder.assetcatalog; name = Assets.xcassets; path = LyricFinder/Assets.xcassets; sourceTree = SOURCE_ROOT; };
		B8D52167FA1F0B5CFDC37FFE /* AudioPlayerManager.swift */ = {isa = PBXFileReference; lastKnownFileType = sourcecode.swift; name = AudioPlayerManager.swift; path = LyricFinder/Managers/AudioPlayerManager.swift; sourceTree = SOURCE_ROOT; };
		C30AB213B7D75419550A5BF7 /* LyricFinderApp.swift */ = {isa = PBXFileReference; lastKnownFileType = sourcecode.swift; name = LyricFinderApp.swift; path = LyricFinder/LyricFinderApp.swift; sourceTree = SOURCE_ROOT; };
		CF6C4E38975E225D226CC551 /* LyricsSyncManager.swift */ = {isa = PBXFileReference; lastKnownFileType = sourcecode.swift; name = LyricsSyncManager.swift; path = LyricFinder/Parsing/LyricsSyncManager.swift; sourceTree = SOURCE_ROOT; };
		DD4A44197F57D3C5C71F326F /* ProjectManager.swift */ = {isa = PBXFileReference; lastKnownFileType = sourcecode.swift; name = ProjectManager.swift; path = LyricFinder/Managers/ProjectManager.swift; sourceTree = SOURCE_ROOT; };
		DF56A81F6C35A89FD50C8B5E /* LyricFinder.app */ = {isa = PBXFileReference; explicitFileType = wrapper.application; includeInIndex = 0; path = LyricFinder.app; sourceTree = BUILT_PRODUCTS_DIR; };
		DF6D0E7AB020FC4152C03879 /* AudioImportManager.swift */ = {isa = PBXFileReference; lastKnownFileType = sourcecode.swift; name = AudioImportManager.swift; path = LyricFinder/Managers/AudioImportManager.swift; sourceTree = SOURCE_ROOT; };
		F3926B8EE75B7D1BB24A6E2C /* StorageManager.swift */ = {isa = PBXFileReference; lastKnownFileType = sourcecode.swift; name = StorageManager.swift; path = LyricFinder/Utilities/StorageManager.swift; sourceTree = SOURCE_ROOT; };
/* End PBXFileReference section */

/* Begin PBXFrameworksBuildPhase section */
		DAF6AA633395B1B76148E35B /* Frameworks */ = {
			isa = PBXFrameworksBuildPhase;
			buildActionMask = 2147483647;
			files = (
				E0A8F872305A43F100C3079E /* WhisperKit in Frameworks */,
			);
			runOnlyForDeploymentPostprocessing = 0;
		};
/* End PBXFrameworksBuildPhase section */

/* Begin PBXGroup section */
		20F4BD606C0F6D1645AE4919 /* LyricFinder */ = {
			isa = PBXGroup;
			children = (
				C30AB213B7D75419550A5BF7 /* LyricFinderApp.swift */,
				F279894B2C0244AB14D9678A /* Models */,
				7B9A26E0A67637EE2694E985 /* Managers */,
				4DB8DB915E98DEE798D91109 /* Parsing */,
				6E5144E6BC49F50DA57BA885 /* Utilities */,
				D792C0B955B165029150ADCE /* Views */,
				B1376C59CFC310B39A93F99C /* Assets.xcassets */,
			);
			path = LyricFinder;
			sourceTree = "<group>";
		};
		2B731CEFC6751AAE0EC69B98 = {
			isa = PBXGroup;
			children = (
				D8DBA3F9900DD17689CA0C4D /* src */,
				DF56A81F6C35A89FD50C8B5E /* LyricFinder.app */,
			);
			sourceTree = "<group>";
		};
		4DB8DB915E98DEE798D91109 /* Parsing */ = {
			isa = PBXGroup;
			children = (
				007498E8746D4C7773ACDB89 /* LyricsParser.swift */,
				CF6C4E38975E225D226CC551 /* LyricsSyncManager.swift */,
			);
			name = Parsing;
			sourceTree = "<group>";
		};
		6E5144E6BC49F50DA57BA885 /* Utilities */ = {
			isa = PBXGroup;
			children = (
				3378880D4F9D3E5822B44AC6 /* Extensions.swift */,
				F3926B8EE75B7D1BB24A6E2C /* StorageManager.swift */,
			);
			name = Utilities;
			sourceTree = "<group>";
		};
		7B9A26E0A67637EE2694E985 /* Managers */ = {
			isa = PBXGroup;
			children = (
				DF6D0E7AB020FC4152C03879 /* AudioImportManager.swift */,
				B8D52167FA1F0B5CFDC37FFE /* AudioPlayerManager.swift */,
				0AFF575D84607F017FCA993D /* ExportManager.swift */,
				DD4A44197F57D3C5C71F326F /* ProjectManager.swift */,
				A09091DD0648EEB058677FA2 /* VocalSeparationManager.swift */,
				05B9E35DA2F9774C00BF14B8 /* WhisperTranscriptionManager.swift */,
			);
			name = Managers;
			sourceTree = "<group>";
		};
		D792C0B955B165029150ADCE /* Views */ = {
			isa = PBXGroup;
			children = (
				5E076B6CDBB87B9629D00A80 /* LibraryView.swift */,
				6A2ABA3BDD12BAB7586FAD4D /* LyricsEditorView.swift */,
				8F9E0260F17EA272225D5C9A /* MainTabView.swift */,
				46EDB5AEE662F9B7B6F3D4B7 /* NowPlayingView.swift */,
				61F5800D2AD392DC10CE46B3 /* SettingsView.swift */,
				976DE7ACAB71BA168A910EB9 /* TranscribeView.swift */,
				F126C1FFD7011ABA77259A8F /* Components */,
			);
			name = Views;
			sourceTree = "<group>";
		};
		D8DBA3F9900DD17689CA0C4D /* src */ = {
			isa = PBXGroup;
			children = (
				20F4BD606C0F6D1645AE4919 /* LyricFinder */,
			);
			name = src;
			sourceTree = "<group>";
		};
		F126C1FFD7011ABA77259A8F /* Components */ = {
			isa = PBXGroup;
			children = (
				62F4117470AD381A8B4EE3D7 /* LyricRowView.swift */,
				841024BF663F2EFE0801C8EB /* WaveformView.swift */,
			);
			name = Components;
			sourceTree = "<group>";
		};
		F279894B2C0244AB14D9678A /* Models */ = {
			isa = PBXGroup;
			children = (
				5C95B9DFA0E9EB35A106272A /* LyricLine.swift */,
				88AC9D423FF206569E47D28C /* TranscriptionProject.swift */,
				715D5F055B2280DEB47C9585 /* WhisperModelType.swift */,
			);
			name = Models;
			sourceTree = "<group>";
		};
/* End PBXGroup section */

/* Begin PBXNativeTarget section */
		42AEFBAE01D2DFD981F7DA7D /* LyricFinder */ = {
			isa = PBXNativeTarget;
			buildConfigurationList = C892833D335B0F40CD5A5FAB /* Build configuration list for PBXNativeTarget "LyricFinder" */;
			buildPhases = (
				0F78FE532035D122ED352DBA /* Sources */,
				DAF6AA633395B1B76148E35B /* Frameworks */,
				943E4BBD9B51C81965501BA3 /* Resources */,
			);
			buildRules = (
			);
			dependencies = (
			);
			name = LyricFinder;
			productName = LyricFinder;
			productReference = DF56A81F6C35A89FD50C8B5E /* LyricFinder.app */;
			productType = "com.apple.product-type.application";
		};
/* End PBXNativeTarget section */

/* Begin PBXProject section */
		46F86FAA6BBF9AC94A7E4595 /* Project object */ = {
			isa = PBXProject;
			attributes = {
				LastSwiftUpdateCheck = 1700;
				LastUpgradeCheck = 1700;
			};
			buildConfigurationList = 5CF8C997E0150571D04AA034 /* Build configuration list for PBXProject "LyricFinder" */;
			compatibilityVersion = "Xcode 15.0";
			developmentRegion = en;
			hasScannedForEncodings = 0;
			knownRegions = (
				en,
			);
			mainGroup = 2B731CEFC6751AAE0EC69B98;
			packageReferences = (
				E0A8F868305A43F100C3079E /* XCRemoteSwiftPackageReference "WhisperKit" */,
			);
			productRefGroup = 2B731CEFC6751AAE0EC69B98;
			projectDirPath = "";
			projectRoot = "";
			targets = (
				42AEFBAE01D2DFD981F7DA7D /* LyricFinder */,
			);
		};
/* End PBXProject section */

/* Begin PBXResourcesBuildPhase section */
		943E4BBD9B51C81965501BA3 /* Resources */ = {
			isa = PBXResourcesBuildPhase;
			buildActionMask = 2147483647;
			files = (
				49322812BF25A89CEA02B43D /* Assets.xcassets in Resources */,
			);
			runOnlyForDeploymentPostprocessing = 0;
		};
/* End PBXResourcesBuildPhase section */

/* Begin PBXSourcesBuildPhase section */
		0F78FE532035D122ED352DBA /* Sources */ = {
			isa = PBXSourcesBuildPhase;
			buildActionMask = 2147483647;
			files = (
				CD83A125905333220435EF6E /* LyricFinderApp.swift in Sources */,
				3306E0C7E236CC2C23480EC1 /* AudioImportManager.swift in Sources */,
				E5B344046D0208D9B50A4C56 /* AudioPlayerManager.swift in Sources */,
				9AD90CEB831549C6E7201DBA /* ExportManager.swift in Sources */,
				04653D63A980A2C48D2001F2 /* ProjectManager.swift in Sources */,
				F4FCF952FE1CA1A526F30A73 /* VocalSeparationManager.swift in Sources */,
				F3E35A0971B7C444B8CEE087 /* WhisperTranscriptionManager.swift in Sources */,
				1F04DCB09766169C4FFB4575 /* LyricLine.swift in Sources */,
				0CBDB271963C02E6873C0E73 /* TranscriptionProject.swift in Sources */,
				D1C244037E2F9AFA993F3738 /* WhisperModelType.swift in Sources */,
				63C324DAE91222CD5AA0188A /* LyricsParser.swift in Sources */,
				4F52F5924A6D7AB34B0F7B5A /* LyricsSyncManager.swift in Sources */,
				E8DB792202C41C70D95D280F /* Extensions.swift in Sources */,
				B9294C2104F27DAECBC8720F /* StorageManager.swift in Sources */,
				37A396D64708778F44BCE005 /* LyricRowView.swift in Sources */,
				5ECCA5BD910D10966FC06FD8 /* WaveformView.swift in Sources */,
				0044F3F871445E86ACED376A /* LibraryView.swift in Sources */,
				3D8CE7E1492C086B9C4CD48F /* LyricsEditorView.swift in Sources */,
				94AB7F2771491B49E91990D1 /* MainTabView.swift in Sources */,
				AB5FE44F1E311CEF855266CC /* NowPlayingView.swift in Sources */,
				B73BB590A1260BE6BA668772 /* SettingsView.swift in Sources */,
				8B350B908E8FD3CB3D0D0079 /* TranscribeView.swift in Sources */,
			);
			runOnlyForDeploymentPostprocessing = 0;
		};
/* End PBXSourcesBuildPhase section */

/* Begin XCBuildConfiguration section */
		0C2C64FD5ECC0D76BBDAF8DD /* Debug */ = {
			isa = XCBuildConfiguration;
			buildSettings = {
				ASSETCATALOG_COMPILER_APPICON_NAME = AppIcon;
				ASSETCATALOG_COMPILER_GENERATE_SWIFT_ASSET_SYMBOL_EXTENSIONS = YES;
				ASSETCATALOG_COMPILER_GLOBAL_ACCENT_COLOR_NAME = AccentColor;
				"CODE_SIGN_IDENTITY[sdk=iphoneos*]" = "Apple Development";
				CODE_SIGN_STYLE = Automatic;
				CURRENT_PROJECT_VERSION = 1;
				DEVELOPMENT_TEAM = TWHE8V8GUK;
				ENABLE_PREVIEWS = YES;
				GENERATE_INFOPLIST_FILE = YES;
				INFOPLIST_KEY_CFBundleDisplayName = LyricFinder;
				INFOPLIST_KEY_LSRequiresIPhoneOS = YES;
				INFOPLIST_KEY_UIBackgroundModes = audio;
				INFOPLIST_KEY_UILaunchScreen_Generation = YES;
				INFOPLIST_KEY_UIRequiredDeviceCapabilities = armv7;
				INFOPLIST_KEY_UIStatusBarStyle = UIStatusBarStyleDefault;
				INFOPLIST_KEY_UISupportedInterfaceOrientations = "UIInterfaceOrientationPortrait UIInterfaceOrientationLandscapeLeft UIInterfaceOrientationLandscapeRight";
				IPHONEOS_DEPLOYMENT_TARGET = 17.0;
				LD_RUNPATH_SEARCH_PATHS = (
					"$(inherited)",
					"@executable_path/Frameworks",
				);
				MARKETING_VERSION = 1.0;
				PRODUCT_BUNDLE_IDENTIFIER = com.elliotwilliams.lyricfinder;
				PRODUCT_NAME = "$(TARGET_NAME)";
				SDKROOT = iphoneos;
				SWIFT_EMIT_LOC_STRINGS = YES;
				SWIFT_VERSION = 5.0;
				TARGETED_DEVICE_FAMILY = "1,2";
			};
			name = Debug;
		};
		3067371FD1D9B9A50DC71202 /* Release */ = {
			isa = XCBuildConfiguration;
			buildSettings = {
				ALWAYS_SEARCH_USER_PATHS = NO;
				CLANG_ENABLE_MODULES = YES;
				CODE_SIGN_IDENTITY = "-";
				CURRENT_PROJECT_VERSION = 1;
				DEBUG_INFORMATION_FORMAT = "dwarf-with-dsym";
				MARKETING_VERSION = 1.0;
				SDKROOT = iphoneos;
				SWIFT_VERSION = 5.0;
			};
			name = Release;
		};
		A445AD74701EA5AAA9DF91B6 /* Debug */ = {
			isa = XCBuildConfiguration;
			buildSettings = {
				ALWAYS_SEARCH_USER_PATHS = NO;
				CLANG_ENABLE_MODULES = YES;
				CODE_SIGN_IDENTITY = "-";
				CURRENT_PROJECT_VERSION = 1;
				DEBUG_INFORMATION_FORMAT = dwarf;
				GCC_OPTIMIZATION_LEVEL = 0;
				MARKETING_VERSION = 1.0;
				ONLY_ACTIVE_ARCH = YES;
				SDKROOT = iphoneos;
				SWIFT_VERSION = 5.0;
			};
			name = Debug;
		};
		E842347A955D5A05F03180BC /* Release */ = {
			isa = XCBuildConfiguration;
			buildSettings = {
				ASSETCATALOG_COMPILER_APPICON_NAME = AppIcon;
				ASSETCATALOG_COMPILER_GENERATE_SWIFT_ASSET_SYMBOL_EXTENSIONS = YES;
				ASSETCATALOG_COMPILER_GLOBAL_ACCENT_COLOR_NAME = AccentColor;
				"CODE_SIGN_IDENTITY[sdk=iphoneos*]" = "Apple Development";
				CODE_SIGN_STYLE = Automatic;
				CURRENT_PROJECT_VERSION = 1;
				DEVELOPMENT_TEAM = TWHE8V8GUK;
				ENABLE_PREVIEWS = YES;
				GENERATE_INFOPLIST_FILE = YES;
				INFOPLIST_KEY_CFBundleDisplayName = LyricFinder;
				INFOPLIST_KEY_LSRequiresIPhoneOS = YES;
				INFOPLIST_KEY_UIBackgroundModes = audio;
				INFOPLIST_KEY_UILaunchScreen_Generation = YES;
				INFOPLIST_KEY_UIRequiredDeviceCapabilities = armv7;
				INFOPLIST_KEY_UIStatusBarStyle = UIStatusBarStyleDefault;
				INFOPLIST_KEY_UISupportedInterfaceOrientations = "UIInterfaceOrientationPortrait UIInterfaceOrientationLandscapeLeft UIInterfaceOrientationLandscapeRight";
				IPHONEOS_DEPLOYMENT_TARGET = 17.0;
				LD_RUNPATH_SEARCH_PATHS = (
					"$(inherited)",
					"@executable_path/Frameworks",
				);
				MARKETING_VERSION = 1.0;
				PRODUCT_BUNDLE_IDENTIFIER = com.elliotwilliams.lyricfinder;
				PRODUCT_NAME = "$(TARGET_NAME)";
				SDKROOT = iphoneos;
				SWIFT_EMIT_LOC_STRINGS = YES;
				SWIFT_VERSION = 5.0;
				TARGETED_DEVICE_FAMILY = "1,2";
			};
			name = Release;
		};
/* End XCBuildConfiguration section */

/* Begin XCConfigurationList section */
		5CF8C997E0150571D04AA034 /* Build configuration list for PBXProject "LyricFinder" */ = {
			isa = XCConfigurationList;
			buildConfigurations = (
				A445AD74701EA5AAA9DF91B6 /* Debug */,
				3067371FD1D9B9A50DC71202 /* Release */,
			);
			defaultConfigurationIsVisible = 0;
			defaultConfigurationName = Release;
		};
		C892833D335B0F40CD5A5FAB /* Build configuration list for PBXNativeTarget "LyricFinder" */ = {
			isa = XCConfigurationList;
			buildConfigurations = (
				0C2C64FD5ECC0D76BBDAF8DD /* Debug */,
				E842347A955D5A05F03180BC /* Release */,
			);
			defaultConfigurationIsVisible = 0;
			defaultConfigurationName = Release;
		};
/* End XCConfigurationList section */

/* Begin XCRemoteSwiftPackageReference section */
		E0A8F868305A43F100C3079E /* XCRemoteSwiftPackageReference "WhisperKit" */ = {
			isa = XCRemoteSwiftPackageReference;
			repositoryURL = "https://github.com/argmaxinc/WhisperKit";
			requirement = {
				kind = upToNextMajorVersion;
				minimumVersion = 1.1.0;
			};
		};
/* End XCRemoteSwiftPackageReference section */

/* Begin XCSwiftPackageProductDependency section */
		E0A8F871305A43F100C3079E /* WhisperKit */ = {
			isa = XCSwiftPackageProductDependency;
			package = E0A8F868305A43F100C3079E /* XCRemoteSwiftPackageReference "WhisperKit" */;
			productName = WhisperKit;
		};
/* End XCSwiftPackageProductDependency section */
	};
	rootObject = 46F86FAA6BBF9AC94A7E4595 /* Project object */;
}
